
Microsoft Visual Studio Solution File, Format Version 12.00
# Visual Studio Version 16
VisualStudioVersion = 16.0.30320.27
MinimumVisualStudioVersion = 10.0.40219.1
Project("{9A19103F-16F7-4668-BE54-9A1E7A4F7556}") = "River's Present", "Kawagochi\River's Present.csproj", "{7BD34BFB-9A6F-47A5-8490-BB75DD1B344E}"
EndProject
Global
	GlobalSection(SolutionConfigurationPlatforms) = preSolution
		Debug|Any CPU = Debug|Any CPU
		Release|Any CPU = Release|Any CPU
	EndGlobalSection
	GlobalSection(ProjectConfigurationPlatforms) = postSolution
		{7BD34BFB-9A6F-47A5-8490-BB75DD1B344E}.Debug|Any CPU.ActiveCfg = Debug|Any CPU
		{7BD34BFB-9A6F-47A5-8490-BB75DD1B344E}.Debug|Any CPU.Build.0 = Debug|Any CPU
		{7BD34BFB-9A6F-47A5-8490-BB75DD1B344E}.Release|Any CPU.ActiveCfg = Release|Any CPU
		{7BD34BFB-9A6F-47A5-8490-BB75DD1B344E}.Release|Any CPU.Build.0 = Release|Any CPU
	EndGlobalSection
	GlobalSection(SolutionProperties) = preSolution
		HideSolutionNode = FALSE
	EndGlobalSection
	GlobalSection(ExtensibilityGlobals) = postSolution
		SolutionGuid = {DD44CBAC-477A-415D-844E-C6A553875BB6}
	EndGlobalSection
EndGlobal
